
Microsoft Visual Studio Solution File, Format Version 12.00
# Visual Studio Version 16
VisualStudioVersion = 16.0.30114.105
MinimumVisualStudioVersion = 10.0.40219.1
Project("{FAE04EC0-301F-11D3-BF4B-00C04F79EFBC}") = "UnionFind", "UnionFind\UnionFind.csproj", "{83493708-7603-4F52-ACA2-E150E2B987E4}"
EndProject
Project("{FAE04EC0-301F-11D3-BF4B-00C04F79EFBC}") = "UF_Example", "UF_Example\UF_Example.csproj", "{22310D98-45DE-4B40-BF7A-63F092EDFB8A}"
EndProject
Project("{FAE04EC0-301F-11D3-BF4B-00C04F79EFBC}") = "UnionFind.Tests", "UnionFind.Tests\UnionFind.Tests.csproj", "{C48A6400-FA70-45F6-82AC-B941CC10D008}"
EndProject
Global
	GlobalSection(SolutionConfigurationPlatforms) = preSolution
		Debug|Any CPU = Debug|Any CPU
		Release|Any CPU = Release|Any CPU
	EndGlobalSection
	GlobalSection(SolutionProperties) = preSolution
		HideSolutionNode = FALSE
	EndGlobalSection
	GlobalSection(ProjectConfigurationPlatforms) = postSolution
		{83493708-7603-4F52-ACA2-E150E2B987E4}.Debug|Any CPU.ActiveCfg = Debug|Any CPU
		{83493708-7603-4F52-ACA2-E150E2B987E4}.Debug|Any CPU.Build.0 = Debug|Any CPU
		{83493708-7603-4F52-ACA2-E150E2B987E4}.Release|Any CPU.ActiveCfg = Release|Any CPU
		{83493708-7603-4F52-ACA2-E150E2B987E4}.Release|Any CPU.Build.0 = Release|Any CPU
		{22310D98-45DE-4B40-BF7A-63F092EDFB8A}.Debug|Any CPU.ActiveCfg = Debug|Any CPU
		{22310D98-45DE-4B40-BF7A-63F092EDFB8A}.Debug|Any CPU.Build.0 = Debug|Any CPU
		{22310D98-45DE-4B40-BF7A-63F092EDFB8A}.Release|Any CPU.ActiveCfg = Release|Any CPU
		{22310D98-45DE-4B40-BF7A-63F092EDFB8A}.Release|Any CPU.Build.0 = Release|Any CPU
		{C48A6400-FA70-45F6-82AC-B941CC10D008}.Debug|Any CPU.ActiveCfg = Debug|Any CPU
		{C48A6400-FA70-45F6-82AC-B941CC10D008}.Debug|Any CPU.Build.0 = Debug|Any CPU
		{C48A6400-FA70-45F6-82AC-B941CC10D008}.Release|Any CPU.ActiveCfg = Release|Any CPU
		{C48A6400-FA70-45F6-82AC-B941CC10D008}.Release|Any CPU.Build.0 = Release|Any CPU
	EndGlobalSection
EndGlobal
